
Microsoft Visual Studio Solution File, Format Version 12.00
# Visual Studio Version 17
VisualStudioVersion = 17.2.32210.308
MinimumVisualStudioVersion = 10.0.40219.1
Project("{FAE04EC0-301F-11D3-BF4B-00C04F79EFBC}") = "mathlab", "mathlab\mathlab.csproj", "{C458AE95-F1A4-41C2-BF8B-D112D74CA740}"
EndProject
Project("{FAE04EC0-301F-11D3-BF4B-00C04F79EFBC}") = "with6.0", "with6.0\with6.0.csproj", "{621FBB4B-6886-4A19-8545-14E0DBF283A2}"
EndProject
Global
	GlobalSection(SolutionConfigurationPlatforms) = preSolution
		Debug|Any CPU = Debug|Any CPU
		Release|Any CPU = Release|Any CPU
	EndGlobalSection
	GlobalSection(ProjectConfigurationPlatforms) = postSolution
		{C458AE95-F1A4-41C2-BF8B-D112D74CA740}.Debug|Any CPU.ActiveCfg = Debug|Any CPU
		{C458AE95-F1A4-41C2-BF8B-D112D74CA740}.Debug|Any CPU.Build.0 = Debug|Any CPU
		{C458AE95-F1A4-41C2-BF8B-D112D74CA740}.Release|Any CPU.ActiveCfg = Release|Any CPU
		{C458AE95-F1A4-41C2-BF8B-D112D74CA740}.Release|Any CPU.Build.0 = Release|Any CPU
		{621FBB4B-6886-4A19-8545-14E0DBF283A2}.Debug|Any CPU.ActiveCfg = Debug|Any CPU
		{621FBB4B-6886-4A19-8545-14E0DBF283A2}.Debug|Any CPU.Build.0 = Debug|Any CPU
		{621FBB4B-6886-4A19-8545-14E0DBF283A2}.Release|Any CPU.ActiveCfg = Release|Any CPU
		{621FBB4B-6886-4A19-8545-14E0DBF283A2}.Release|Any CPU.Build.0 = Release|Any CPU
	EndGlobalSection
	GlobalSection(SolutionProperties) = preSolution
		HideSolutionNode = FALSE
	EndGlobalSection
	GlobalSection(ExtensibilityGlobals) = postSolution
		SolutionGuid = {81DB8FBC-E0BC-44E2-8D45-C16A02DCAB9B}
	EndGlobalSection
EndGlobal
